
Microsoft Visual Studio Solution File, Format Version 12.00
# Visual Studio Version 17
VisualStudioVersion = 17.0.31903.59
MinimumVisualStudioVersion = 10.0.40219.1
Project("{2150E333-8FDC-42A3-9474-1A3956D46DE8}") = "src", "src", "{68A62865-83B8-421A-BCB7-9E2436ADFB13}"
EndProject
Project("{FAE04EC0-301F-11D3-BF4B-00C04F79EFBC}") = "Mottu.Rentals.Api", "src\Mottu.Rentals.Api\Mottu.Rentals.Api.csproj", "{67401A74-CD85-4DA1-A0C8-0671C8CAD1C8}"
EndProject
Project("{FAE04EC0-301F-11D3-BF4B-00C04F79EFBC}") = "Mottu.Rentals.Application", "src\Mottu.Rentals.Application\Mottu.Rentals.Application.csproj", "{1CF959EE-C3AA-4469-8D1F-EDFCC195C1BC}"
EndProject
Project("{FAE04EC0-301F-11D3-BF4B-00C04F79EFBC}") = "Mottu.Rentals.Domain", "src\Mottu.Rentals.Domain\Mottu.Rentals.Domain.csproj", "{F08237A2-C6E8-445A-B781-35F3F015C943}"
EndProject
Project("{FAE04EC0-301F-11D3-BF4B-00C04F79EFBC}") = "Mottu.Rentals.Infrastructure", "src\Mottu.Rentals.Infrastructure\Mottu.Rentals.Infrastructure.csproj", "{28BEE123-1CE3-4025-B6D8-24C816E08BB9}"
EndProject
Project("{2150E333-8FDC-42A3-9474-1A3956D46DE8}") = "tests", "tests", "{98DBC92A-3811-4131-9CB1-D312C3EB7004}"
EndProject
Project("{FAE04EC0-301F-11D3-BF4B-00C04F79EFBC}") = "Mottu.Rentals.Tests.Unit", "tests\Mottu.Rentals.Tests.Unit\Mottu.Rentals.Tests.Unit.csproj", "{F7FBF0B6-02AE-448D-AEE3-54AD7B19D907}"
EndProject
Global
	GlobalSection(SolutionConfigurationPlatforms) = preSolution
		Debug|Any CPU = Debug|Any CPU
		Release|Any CPU = Release|Any CPU
	EndGlobalSection
	GlobalSection(SolutionProperties) = preSolution
		HideSolutionNode = FALSE
	EndGlobalSection
	GlobalSection(ProjectConfigurationPlatforms) = postSolution
		{67401A74-CD85-4DA1-A0C8-0671C8CAD1C8}.Debug|Any CPU.ActiveCfg = Debug|Any CPU
		{67401A74-CD85-4DA1-A0C8-0671C8CAD1C8}.Debug|Any CPU.Build.0 = Debug|Any CPU
		{67401A74-CD85-4DA1-A0C8-0671C8CAD1C8}.Release|Any CPU.ActiveCfg = Release|Any CPU
		{67401A74-CD85-4DA1-A0C8-0671C8CAD1C8}.Release|Any CPU.Build.0 = Release|Any CPU
		{1CF959EE-C3AA-4469-8D1F-EDFCC195C1BC}.Debug|Any CPU.ActiveCfg = Debug|Any CPU
		{1CF959EE-C3AA-4469-8D1F-EDFCC195C1BC}.Debug|Any CPU.Build.0 = Debug|Any CPU
		{1CF959EE-C3AA-4469-8D1F-EDFCC195C1BC}.Release|Any CPU.ActiveCfg = Release|Any CPU
		{1CF959EE-C3AA-4469-8D1F-EDFCC195C1BC}.Release|Any CPU.Build.0 = Release|Any CPU
		{F08237A2-C6E8-445A-B781-35F3F015C943}.Debug|Any CPU.ActiveCfg = Debug|Any CPU
		{F08237A2-C6E8-445A-B781-35F3F015C943}.Debug|Any CPU.Build.0 = Debug|Any CPU
		{F08237A2-C6E8-445A-B781-35F3F015C943}.Release|Any CPU.ActiveCfg = Release|Any CPU
		{F08237A2-C6E8-445A-B781-35F3F015C943}.Release|Any CPU.Build.0 = Release|Any CPU
		{28BEE123-1CE3-4025-B6D8-24C816E08BB9}.Debug|Any CPU.ActiveCfg = Debug|Any CPU
		{28BEE123-1CE3-4025-B6D8-24C816E08BB9}.Debug|Any CPU.Build.0 = Debug|Any CPU
		{28BEE123-1CE3-4025-B6D8-24C816E08BB9}.Release|Any CPU.ActiveCfg = Release|Any CPU
		{28BEE123-1CE3-4025-B6D8-24C816E08BB9}.Release|Any CPU.Build.0 = Release|Any CPU
		{F7FBF0B6-02AE-448D-AEE3-54AD7B19D907}.Debug|Any CPU.ActiveCfg = Debug|Any CPU
		{F7FBF0B6-02AE-448D-AEE3-54AD7B19D907}.Debug|Any CPU.Build.0 = Debug|Any CPU
		{F7FBF0B6-02AE-448D-AEE3-54AD7B19D907}.Release|Any CPU.ActiveCfg = Release|Any CPU
		{F7FBF0B6-02AE-448D-AEE3-54AD7B19D907}.Release|Any CPU.Build.0 = Release|Any CPU
	EndGlobalSection
	GlobalSection(NestedProjects) = preSolution
		{67401A74-CD85-4DA1-A0C8-0671C8CAD1C8} = {68A62865-83B8-421A-BCB7-9E2436ADFB13}
		{1CF959EE-C3AA-4469-8D1F-EDFCC195C1BC} = {68A62865-83B8-421A-BCB7-9E2436ADFB13}
		{F08237A2-C6E8-445A-B781-35F3F015C943} = {68A62865-83B8-421A-BCB7-9E2436ADFB13}
		{28BEE123-1CE3-4025-B6D8-24C816E08BB9} = {68A62865-83B8-421A-BCB7-9E2436ADFB13}
		{F7FBF0B6-02AE-448D-AEE3-54AD7B19D907} = {98DBC92A-3811-4131-9CB1-D312C3EB7004}
	EndGlobalSection
EndGlobal
